// !$*UTF8*$!
{
	archiveVersion = 1;
	classes = {
	};
	objectVersion = 46;
	objects = {

/* Begin PBXBuildFile section */
		0091D8F90E81B9330029341E /* OpenGL.framework in Frameworks */ = {isa = PBXBuildFile; fileRef = 0091D8F80E81B9330029341E /* OpenGL.framework */; };
		0097E3E50F3E9819005A4392 /* QuickTime.framework in Frameworks */ = {isa = PBXBuildFile; fileRef = 0097E3E40F3E9819005A4392 /* QuickTime.framework */; };
		00B784B30FF439BC000DE1D7 /* Accelerate.framework in Frameworks */ = {isa = PBXBuildFile; fileRef = 00B784AF0FF439BC000DE1D7 /* Accelerate.framework */; };
		00B784B40FF439BC000DE1D7 /* AudioToolbox.framework in Frameworks */ = {isa = PBXBuildFile; fileRef = 00B784B00FF439BC000DE1D7 /* AudioToolbox.framework */; };
		00B784B50FF439BC000DE1D7 /* AudioUnit.framework in Frameworks */ = {isa = PBXBuildFile; fileRef = 00B784B10FF439BC000DE1D7 /* AudioUnit.framework */; };
		00B784B60FF439BC000DE1D7 /* CoreAudio.framework in Frameworks */ = {isa = PBXBuildFile; fileRef = 00B784B20FF439BC000DE1D7 /* CoreAudio.framework */; };
		00BAE65A0E7ED9C10018A608 /* RoboticaProjectApp.cpp in Sources */ = {isa = PBXBuildFile; fileRef = 00BAE6590E7ED9C10018A608 /* RoboticaProjectApp.cpp */; };
		00CCAF15116A9FEE008396D5 /* CinderApp.icns in Resources */ = {isa = PBXBuildFile; fileRef = 00CCAF14116A9FEE008396D5 /* CinderApp.icns */; };
		470F129D148AFA8F00D34C72 /* cover.jpg in Resources */ = {isa = PBXBuildFile; fileRef = 470F129C148AFA8F00D34C72 /* cover.jpg */; };
		47329E1E14969B7500402BDC /* Particle.cpp in Sources */ = {isa = PBXBuildFile; fileRef = 47329E1B14969B7500402BDC /* Particle.cpp */; };
		47329E1F14969B7500402BDC /* ParticleController.cpp in Sources */ = {isa = PBXBuildFile; fileRef = 47329E1C14969B7500402BDC /* ParticleController.cpp */; };
		47329E2014969B7500402BDC /* PotentialField.cpp in Sources */ = {isa = PBXBuildFile; fileRef = 47329E1D14969B7500402BDC /* PotentialField.cpp */; };
		476F9AE7148704430057CC34 /* 02-jorge_ciccioli_-_gum_ascion_remix_digital_only.mp3 in Resources */ = {isa = PBXBuildFile; fileRef = 476F9AE6148704430057CC34 /* 02-jorge_ciccioli_-_gum_ascion_remix_digital_only.mp3 */; };
		47737D1C14676E0F0022801D /* troy_pierce-i_need_a_guide.mp3 in Resources */ = {isa = PBXBuildFile; fileRef = 47737D1B14676E0F0022801D /* troy_pierce-i_need_a_guide.mp3 */; };
		479869691479C71000EF1CB0 /* particle.png in Resources */ = {isa = PBXBuildFile; fileRef = 479869681479C71000EF1CB0 /* particle.png */; };
		47C0EEE4148020920018B192 /* Wolfgang Amadeus Mozart - Piano Concerto No. 21 - Andante.mp3 in Resources */ = {isa = PBXBuildFile; fileRef = 47C0EEE3148020920018B192 /* Wolfgang Amadeus Mozart - Piano Concerto No. 21 - Andante.mp3 */; };
		5323E6B20EAFCA74003A9687 /* CoreVideo.framework in Frameworks */ = {isa = PBXBuildFile; fileRef = 5323E6B10EAFCA74003A9687 /* CoreVideo.framework */; };
		5323E6B60EAFCA7E003A9687 /* QTKit.framework in Frameworks */ = {isa = PBXBuildFile; fileRef = 5323E6B50EAFCA7E003A9687 /* QTKit.framework */; };
		53E3CDFC0E86099300238D2B /* Carbon.framework in Frameworks */ = {isa = PBXBuildFile; fileRef = 53E3CDFB0E86099300238D2B /* Carbon.framework */; };
		8D11072F0486CEB800E47090 /* Cocoa.framework in Frameworks */ = {isa = PBXBuildFile; fileRef = 1058C7A1FEA54F0111CA2CBB /* Cocoa.framework */; };
/* End PBXBuildFile section */

/* Begin PBXFileReference section */
		0091D8F80E81B9330029341E /* OpenGL.framework */ = {isa = PBXFileReference; lastKnownFileType = wrapper.framework; name = OpenGL.framework; path = /System/Library/Frameworks/OpenGL.framework; sourceTree = "<absolute>"; };
		0097E3E40F3E9819005A4392 /* QuickTime.framework */ = {isa = PBXFileReference; lastKnownFileType = wrapper.framework; name = QuickTime.framework; path = /System/Library/Frameworks/QuickTime.framework; sourceTree = "<absolute>"; };
		00B784AF0FF439BC000DE1D7 /* Accelerate.framework */ = {isa = PBXFileReference; lastKnownFileType = wrapper.framework; name = Accelerate.framework; path = System/Library/Frameworks/Accelerate.framework; sourceTree = SDKROOT; };
		00B784B00FF439BC000DE1D7 /* AudioToolbox.framework */ = {isa = PBXFileReference; lastKnownFileType = wrapper.framework; name = AudioToolbox.framework; path = System/Library/Frameworks/AudioToolbox.framework; sourceTree = SDKROOT; };
		00B784B10FF439BC000DE1D7 /* AudioUnit.framework */ = {isa = PBXFileReference; lastKnownFileType = wrapper.framework; name = AudioUnit.framework; path = System/Library/Frameworks/AudioUnit.framework; sourceTree = SDKROOT; };
		00B784B20FF439BC000DE1D7 /* CoreAudio.framework */ = {isa = PBXFileReference; lastKnownFileType = wrapper.framework; name = CoreAudio.framework; path = System/Library/Frameworks/CoreAudio.framework; sourceTree = SDKROOT; };
		00BAE6590E7ED9C10018A608 /* RoboticaProjectApp.cpp */ = {isa = PBXFileReference; fileEncoding = 4; lastKnownFileType = sourcecode.cpp.cpp; name = RoboticaProjectApp.cpp; path = ../src/RoboticaProjectApp.cpp; sourceTree = SOURCE_ROOT; };
		00CCAF14116A9FEE008396D5 /* CinderApp.icns */ = {isa = PBXFileReference; lastKnownFileType = image.icns; name = CinderApp.icns; path = ../resources/CinderApp.icns; sourceTree = SOURCE_ROOT; };
		1058C7A1FEA54F0111CA2CBB /* Cocoa.framework */ = {isa = PBXFileReference; lastKnownFileType = wrapper.framework; name = Cocoa.framework; path = /System/Library/Frameworks/Cocoa.framework; sourceTree = "<absolute>"; };
		13E42FB307B3F0F600E4EEF1 /* CoreData.framework */ = {isa = PBXFileReference; lastKnownFileType = wrapper.framework; name = CoreData.framework; path = /System/Library/Frameworks/CoreData.framework; sourceTree = "<absolute>"; };
		29B97324FDCFA39411CA2CEA /* AppKit.framework */ = {isa = PBXFileReference; lastKnownFileType = wrapper.framework; name = AppKit.framework; path = /System/Library/Frameworks/AppKit.framework; sourceTree = "<absolute>"; };
		29B97325FDCFA39411CA2CEA /* Foundation.framework */ = {isa = PBXFileReference; lastKnownFileType = wrapper.framework; name = Foundation.framework; path = /System/Library/Frameworks/Foundation.framework; sourceTree = "<absolute>"; };
		32CA4F630368D1EE00C91783 /* RoboticaProject_Prefix.pch */ = {isa = PBXFileReference; fileEncoding = 4; lastKnownFileType = sourcecode.c.h; path = RoboticaProject_Prefix.pch; sourceTree = "<group>"; };
		470F129C148AFA8F00D34C72 /* cover.jpg */ = {isa = PBXFileReference; lastKnownFileType = image.jpeg; name = cover.jpg; path = cinder/myCode/RoboticaProject/resources/cover.jpg; sourceTree = DEVELOPER_DIR; };
		47329E1B14969B7500402BDC /* Particle.cpp */ = {isa = PBXFileReference; fileEncoding = 4; lastKnownFileType = sourcecode.cpp.cpp; name = Particle.cpp; path = cinder/myCode/RoboticaProject/src/Particle.cpp; sourceTree = DEVELOPER_DIR; };
		47329E1C14969B7500402BDC /* ParticleController.cpp */ = {isa = PBXFileReference; fileEncoding = 4; lastKnownFileType = sourcecode.cpp.cpp; name = ParticleController.cpp; path = cinder/myCode/RoboticaProject/src/ParticleController.cpp; sourceTree = DEVELOPER_DIR; };
		47329E1D14969B7500402BDC /* PotentialField.cpp */ = {isa = PBXFileReference; fileEncoding = 4; lastKnownFileType = sourcecode.cpp.cpp; name = PotentialField.cpp; path = cinder/myCode/RoboticaProject/src/PotentialField.cpp; sourceTree = DEVELOPER_DIR; };
		476F9AE6148704430057CC34 /* 02-jorge_ciccioli_-_gum_ascion_remix_digital_only.mp3 */ = {isa = PBXFileReference; lastKnownFileType = audio.mp3; name = "02-jorge_ciccioli_-_gum_ascion_remix_digital_only.mp3"; path = "cinder/myCode/RoboticaProject/resources/02-jorge_ciccioli_-_gum_ascion_remix_digital_only.mp3"; sourceTree = DEVELOPER_DIR; };
		47737D1B14676E0F0022801D /* troy_pierce-i_need_a_guide.mp3 */ = {isa = PBXFileReference; lastKnownFileType = audio.mp3; name = "troy_pierce-i_need_a_guide.mp3"; path = "cinder/myCode/RoboticaProject/resources/troy_pierce-i_need_a_guide.mp3"; sourceTree = DEVELOPER_DIR; };
		479869641479A41000EF1CB0 /* Particle.h */ = {isa = PBXFileReference; fileEncoding = 4; lastKnownFileType = sourcecode.c.h; name = Particle.h; path = cinder/myCode/RoboticaProject/include/Particle.h; sourceTree = DEVELOPER_DIR; };
		479869651479A41000EF1CB0 /* ParticleController.h */ = {isa = PBXFileReference; fileEncoding = 4; lastKnownFileType = sourcecode.c.h; name = ParticleController.h; path = cinder/myCode/RoboticaProject/include/ParticleController.h; sourceTree = DEVELOPER_DIR; };
		479869661479A41000EF1CB0 /* PotentialField.h */ = {isa = PBXFileReference; fileEncoding = 4; lastKnownFileType = sourcecode.c.h; name = PotentialField.h; path = cinder/myCode/RoboticaProject/include/PotentialField.h; sourceTree = DEVELOPER_DIR; };
		479869671479A41000EF1CB0 /* Resources.h */ = {isa = PBXFileReference; fileEncoding = 4; lastKnownFileType = sourcecode.c.h; name = Resources.h; path = cinder/myCode/RoboticaProject/include/Resources.h; sourceTree = DEVELOPER_DIR; };
		479869681479C71000EF1CB0 /* particle.png */ = {isa = PBXFileReference; lastKnownFileType = image.png; name = particle.png; path = cinder/myCode/RoboticaProject/resources/particle.png; sourceTree = DEVELOPER_DIR; };
		47C0EEE3148020920018B192 /* Wolfgang Amadeus Mozart - Piano Concerto No. 21 - Andante.mp3 */ = {isa = PBXFileReference; lastKnownFileType = audio.mp3; name = "Wolfgang Amadeus Mozart - Piano Concerto No. 21 - Andante.mp3"; path = "cinder/myCode/RoboticaProject/resources/Wolfgang Amadeus Mozart - Piano Concerto No. 21 - Andante.mp3"; sourceTree = DEVELOPER_DIR; };
		5323E6B10EAFCA74003A9687 /* CoreVideo.framework */ = {isa = PBXFileReference; lastKnownFileType = wrapper.framework; name = CoreVideo.framework; path = /System/Library/Frameworks/CoreVideo.framework; sourceTree = "<absolute>"; };
		5323E6B50EAFCA7E003A9687 /* QTKit.framework */ = {isa = PBXFileReference; lastKnownFileType = wrapper.framework; name = QTKit.framework; path = /System/Library/Frameworks/QTKit.framework; sourceTree = "<absolute>"; };
		53E3CDFB0E86099300238D2B /* Carbon.framework */ = {isa = PBXFileReference; lastKnownFileType = wrapper.framework; name = Carbon.framework; path = /System/Library/Frameworks/Carbon.framework; sourceTree = "<absolute>"; };
		8D1107310486CEB800E47090 /* Info.plist */ = {isa = PBXFileReference; fileEncoding = 4; lastKnownFileType = text.plist.xml; path = Info.plist; sourceTree = "<group>"; };
		8D1107320486CEB800E47090 /* RoboticaProject.app */ = {isa = PBXFileReference; explicitFileType = wrapper.application; includeInIndex = 0; path = RoboticaProject.app; sourceTree = BUILT_PRODUCTS_DIR; };
/* End PBXFileReference section */

/* Begin PBXFrameworksBuildPhase section */
		8D11072E0486CEB800E47090 /* Frameworks */ = {
			isa = PBXFrameworksBuildPhase;
			buildActionMask = 2147483647;
			files = (
				8D11072F0486CEB800E47090 /* Cocoa.framework in Frameworks */,
				0091D8F90E81B9330029341E /* OpenGL.framework in Frameworks */,
				53E3CDFC0E86099300238D2B /* Carbon.framework in Frameworks */,
				5323E6B20EAFCA74003A9687 /* CoreVideo.framework in Frameworks */,
				5323E6B60EAFCA7E003A9687 /* QTKit.framework in Frameworks */,
				0097E3E50F3E9819005A4392 /* QuickTime.framework in Frameworks */,
				00B784B30FF439BC000DE1D7 /* Accelerate.framework in Frameworks */,
				00B784B40FF439BC000DE1D7 /* AudioToolbox.framework in Frameworks */,
				00B784B50FF439BC000DE1D7 /* AudioUnit.framework in Frameworks */,
				00B784B60FF439BC000DE1D7 /* CoreAudio.framework in Frameworks */,
			);
			runOnlyForDeploymentPostprocessing = 0;
		};
/* End PBXFrameworksBuildPhase section */

/* Begin PBXGroup section */
		080E96DDFE201D6D7F000001 /* Source */ = {
			isa = PBXGroup;
			children = (
				00BAE6590E7ED9C10018A608 /* RoboticaProjectApp.cpp */,
				47329E1B14969B7500402BDC /* Particle.cpp */,
				47329E1C14969B7500402BDC /* ParticleController.cpp */,
				47329E1D14969B7500402BDC /* PotentialField.cpp */,
			);
			name = Source;
			sourceTree = "<group>";
		};
		1058C7A0FEA54F0111CA2CBB /* Linked Frameworks */ = {
			isa = PBXGroup;
			children = (
				00B784AF0FF439BC000DE1D7 /* Accelerate.framework */,
				00B784B00FF439BC000DE1D7 /* AudioToolbox.framework */,
				00B784B10FF439BC000DE1D7 /* AudioUnit.framework */,
				00B784B20FF439BC000DE1D7 /* CoreAudio.framework */,
				0097E3E40F3E9819005A4392 /* QuickTime.framework */,
				5323E6B50EAFCA7E003A9687 /* QTKit.framework */,
				5323E6B10EAFCA74003A9687 /* CoreVideo.framework */,
				53E3CDFB0E86099300238D2B /* Carbon.framework */,
				0091D8F80E81B9330029341E /* OpenGL.framework */,
				1058C7A1FEA54F0111CA2CBB /* Cocoa.framework */,
			);
			name = "Linked Frameworks";
			sourceTree = "<group>";
		};
		1058C7A2FEA54F0111CA2CBB /* Other Frameworks */ = {
			isa = PBXGroup;
			children = (
				29B97324FDCFA39411CA2CEA /* AppKit.framework */,
				13E42FB307B3F0F600E4EEF1 /* CoreData.framework */,
				29B97325FDCFA39411CA2CEA /* Foundation.framework */,
			);
			name = "Other Frameworks";
			sourceTree = "<group>";
		};
		19C28FACFE9D520D11CA2CBB /* Products */ = {
			isa = PBXGroup;
			children = (
				8D1107320486CEB800E47090 /* RoboticaProject.app */,
			);
			name = Products;
			sourceTree = "<group>";
		};
		29B97314FDCFA39411CA2CEA /* RoboticaProject */ = {
			isa = PBXGroup;
			children = (
				29B97315FDCFA39411CA2CEA /* Headers */,
				080E96DDFE201D6D7F000001 /* Source */,
				29B97317FDCFA39411CA2CEA /* Resources */,
				29B97323FDCFA39411CA2CEA /* Frameworks */,
				19C28FACFE9D520D11CA2CBB /* Products */,
			);
			name = RoboticaProject;
			sourceTree = "<group>";
		};
		29B97315FDCFA39411CA2CEA /* Headers */ = {
			isa = PBXGroup;
			children = (
				479869641479A41000EF1CB0 /* Particle.h */,
				479869651479A41000EF1CB0 /* ParticleController.h */,
				479869661479A41000EF1CB0 /* PotentialField.h */,
				479869671479A41000EF1CB0 /* Resources.h */,
				32CA4F630368D1EE00C91783 /* RoboticaProject_Prefix.pch */,
			);
			name = Headers;
			sourceTree = "<group>";
		};
		29B97317FDCFA39411CA2CEA /* Resources */ = {
			isa = PBXGroup;
			children = (
				470F129C148AFA8F00D34C72 /* cover.jpg */,
				476F9AE6148704430057CC34 /* 02-jorge_ciccioli_-_gum_ascion_remix_digital_only.mp3 */,
				47C0EEE3148020920018B192 /* Wolfgang Amadeus Mozart - Piano Concerto No. 21 - Andante.mp3 */,
				479869681479C71000EF1CB0 /* particle.png */,
				47737D1B14676E0F0022801D /* troy_pierce-i_need_a_guide.mp3 */,
				8D1107310486CEB800E47090 /* Info.plist */,
				00CCAF14116A9FEE008396D5 /* CinderApp.icns */,
			);
			name = Resources;
			sourceTree = "<group>";
		};
		29B97323FDCFA39411CA2CEA /* Frameworks */ = {
			isa = PBXGroup;
			children = (
				1058C7A0FEA54F0111CA2CBB /* Linked Frameworks */,
				1058C7A2FEA54F0111CA2CBB /* Other Frameworks */,
			);
			name = Frameworks;
			sourceTree = "<group>";
		};
/* End PBXGroup section */

/* Begin PBXNativeTarget section */
		8D1107260486CEB800E47090 /* RoboticaProject */ = {
			isa = PBXNativeTarget;
			buildConfigurationList = C01FCF4A08A954540054247B /* Build configuration list for PBXNativeTarget "RoboticaProject" */;
			buildPhases = (
				8D1107290486CEB800E47090 /* Resources */,
				8D11072C0486CEB800E47090 /* Sources */,
				8D11072E0486CEB800E47090 /* Frameworks */,
			);
			buildRules = (
			);
			dependencies = (
			);
			name = RoboticaProject;
			productInstallPath = "$(HOME)/Applications";
			productName = RoboticaProject;
			productReference = 8D1107320486CEB800E47090 /* RoboticaProject.app */;
			productType = "com.apple.product-type.application";
		};
/* End PBXNativeTarget section */

/* Begin PBXProject section */
		29B97313FDCFA39411CA2CEA /* Project object */ = {
			isa = PBXProject;
			attributes = {
				LastUpgradeCheck = 0420;
			};
			buildConfigurationList = C01FCF4E08A954540054247B /* Build configuration list for PBXProject "RoboticaProject" */;
			compatibilityVersion = "Xcode 3.2";
			developmentRegion = English;
			hasScannedForEncodings = 1;
			knownRegions = (
				en,
			);
			mainGroup = 29B97314FDCFA39411CA2CEA /* RoboticaProject */;
			projectDirPath = "";
			projectRoot = "";
			targets = (
				8D1107260486CEB800E47090 /* RoboticaProject */,
			);
		};
/* End PBXProject section */

/* Begin PBXResourcesBuildPhase section */
		8D1107290486CEB800E47090 /* Resources */ = {
			isa = PBXResourcesBuildPhase;
			buildActionMask = 2147483647;
			files = (
				00CCAF15116A9FEE008396D5 /* CinderApp.icns in Resources */,
				47737D1C14676E0F0022801D /* troy_pierce-i_need_a_guide.mp3 in Resources */,
				479869691479C71000EF1CB0 /* particle.png in Resources */,
				47C0EEE4148020920018B192 /* Wolfgang Amadeus Mozart - Piano Concerto No. 21 - Andante.mp3 in Resources */,
				476F9AE7148704430057CC34 /* 02-jorge_ciccioli_-_gum_ascion_remix_digital_only.mp3 in Resources */,
				470F129D148AFA8F00D34C72 /* cover.jpg in Resources */,
			);
			runOnlyForDeploymentPostprocessing = 0;
		};
/* End PBXResourcesBuildPhase section */

/* Begin PBXSourcesBuildPhase section */
		8D11072C0486CEB800E47090 /* Sources */ = {
			isa = PBXSourcesBuildPhase;
			buildActionMask = 2147483647;
			files = (
				00BAE65A0E7ED9C10018A608 /* RoboticaProjectApp.cpp in Sources */,
				47329E1E14969B7500402BDC /* Particle.cpp in Sources */,
				47329E1F14969B7500402BDC /* ParticleController.cpp in Sources */,
				47329E2014969B7500402BDC /* PotentialField.cpp in Sources */,
			);
			runOnlyForDeploymentPostprocessing = 0;
		};
/* End PBXSourcesBuildPhase section */

/* Begin XCBuildConfiguration section */
		C01FCF4B08A954540054247B /* Debug */ = {
			isa = XCBuildConfiguration;
			buildSettings = {
				COPY_PHASE_STRIP = NO;
				GCC_DYNAMIC_NO_PIC = NO;
				GCC_INLINES_ARE_PRIVATE_EXTERN = YES;
				GCC_MODEL_TUNING = G5;
				GCC_OPTIMIZATION_LEVEL = 0;
				GCC_PRECOMPILE_PREFIX_HEADER = YES;
				GCC_PREFIX_HEADER = RoboticaProject_Prefix.pch;
				GCC_SYMBOLS_PRIVATE_EXTERN = NO;
				INFOPLIST_FILE = Info.plist;
				INSTALL_PATH = "$(HOME)/Applications";
				OTHER_LDFLAGS = "\"$(CINDER_PATH)/lib/libcinder_d.a\"";
				PRODUCT_NAME = RoboticaProject;
				WRAPPER_EXTENSION = app;
			};
			name = Debug;
		};
		C01FCF4C08A954540054247B /* Release */ = {
			isa = XCBuildConfiguration;
			buildSettings = {
				DEAD_CODE_STRIPPING = YES;
				DEBUG_INFORMATION_FORMAT = "dwarf-with-dsym";
				GCC_FAST_MATH = YES;
				GCC_GENERATE_DEBUGGING_SYMBOLS = NO;
				GCC_INLINES_ARE_PRIVATE_EXTERN = YES;
				GCC_MODEL_TUNING = G5;
				GCC_OPTIMIZATION_LEVEL = 3;
				GCC_PRECOMPILE_PREFIX_HEADER = YES;
				GCC_PREFIX_HEADER = RoboticaProject_Prefix.pch;
				GCC_SYMBOLS_PRIVATE_EXTERN = NO;
				INFOPLIST_FILE = Info.plist;
				INSTALL_PATH = "$(HOME)/Applications";
				OTHER_LDFLAGS = "\"$(CINDER_PATH)/lib/libcinder.a\"";
				PRODUCT_NAME = RoboticaProject;
				STRIP_INSTALLED_PRODUCT = YES;
				WRAPPER_EXTENSION = app;
			};
			name = Release;
		};
		C01FCF4F08A954540054247B /* Debug */ = {
			isa = XCBuildConfiguration;
			buildSettings = {
				ALWAYS_SEARCH_USER_PATHS = NO;
				ARCHS = i386;
				CINDER_PATH = ../../..;
				GCC_WARN_ABOUT_RETURN_TYPE = YES;
				GCC_WARN_UNUSED_VARIABLE = YES;
				HEADER_SEARCH_PATHS = "\"$(CINDER_PATH)/boost\"";
				MACOSX_DEPLOYMENT_TARGET = 10.5;
				SDKROOT = macosx;
				USER_HEADER_SEARCH_PATHS = "\"$(CINDER_PATH)/include\" ../include";
			};
			name = Debug;
		};
		C01FCF5008A954540054247B /* Release */ = {
			isa = XCBuildConfiguration;
			buildSettings = {
				ALWAYS_SEARCH_USER_PATHS = NO;
				ARCHS = i386;
				CINDER_PATH = ../../..;
				GCC_WARN_ABOUT_RETURN_TYPE = YES;
				GCC_WARN_UNUSED_VARIABLE = YES;
				HEADER_SEARCH_PATHS = "\"$(CINDER_PATH)/boost\"";
				MACOSX_DEPLOYMENT_TARGET = 10.5;
				SDKROOT = macosx;
				USER_HEADER_SEARCH_PATHS = "\"$(CINDER_PATH)/include\" ../include";
			};
			name = Release;
		};
/* End XCBuildConfiguration section */

/* Begin XCConfigurationList section */
		C01FCF4A08A954540054247B /* Build configuration list for PBXNativeTarget "RoboticaProject" */ = {
			isa = XCConfigurationList;
			buildConfigurations = (
				C01FCF4B08A954540054247B /* Debug */,
				C01FCF4C08A954540054247B /* Release */,
			);
			defaultConfigurationIsVisible = 0;
			defaultConfigurationName = Release;
		};
		C01FCF4E08A954540054247B /* Build configuration list for PBXProject "RoboticaProject" */ = {
			isa = XCConfigurationList;
			buildConfigurations = (
				C01FCF4F08A954540054247B /* Debug */,
				C01FCF5008A954540054247B /* Release */,
			);
			defaultConfigurationIsVisible = 0;
			defaultConfigurationName = Release;
		};
/* End XCConfigurationList section */
	};
	rootObject = 29B97313FDCFA39411CA2CEA /* Project object */;
}
